
Microsoft Visual Studio Solution File, Format Version 12.00
# Visual Studio Version 16
VisualStudioVersion = 16.0.34031.81
MinimumVisualStudioVersion = 10.0.40219.1
Project("{FAE04EC0-301F-11D3-BF4B-00C04F79EFBC}") = "Var1", "Var1\Var1.csproj", "{058D84BD-7237-423B-A860-23A1FB5D2558}"
EndProject
Global
	GlobalSection(SolutionConfigurationPlatforms) = preSolution
		Debug|Any CPU = Debug|Any CPU
		Release|Any CPU = Release|Any CPU
	EndGlobalSection
	GlobalSection(ProjectConfigurationPlatforms) = postSolution
		{058D84BD-7237-423B-A860-23A1FB5D2558}.Debug|Any CPU.ActiveCfg = Debug|Any CPU
		{058D84BD-7237-423B-A860-23A1FB5D2558}.Debug|Any CPU.Build.0 = Debug|Any CPU
		{058D84BD-7237-423B-A860-23A1FB5D2558}.Release|Any CPU.ActiveCfg = Release|Any CPU
		{058D84BD-7237-423B-A860-23A1FB5D2558}.Release|Any CPU.Build.0 = Release|Any CPU
	EndGlobalSection
	GlobalSection(SolutionProperties) = preSolution
		HideSolutionNode = FALSE
	EndGlobalSection
	GlobalSection(ExtensibilityGlobals) = postSolution
		SolutionGuid = {B510B8A9-AFAD-479C-924C-757E60C842D2}
	EndGlobalSection
EndGlobal
